// !$*UTF8*$!
{
	archiveVersion = 1;
	classes = {
	};
	objectVersion = 45;
	objects = {

/* Begin PBXBuildFile section */
		1D3623260D0F684500981E51 /* woldAppDelegate.mm in Sources */ = {isa = PBXBuildFile; fileRef = 1D3623250D0F684500981E51 /* woldAppDelegate.mm */; };
		1D60589B0D05DD56006BFB54 /* main.m in Sources */ = {isa = PBXBuildFile; fileRef = 29B97316FDCFA39411CA2CEA /* main.m */; };
		1D60589F0D05DD5A006BFB54 /* Foundation.framework in Frameworks */ = {isa = PBXBuildFile; fileRef = 1D30AB110D05D00D00671497 /* Foundation.framework */; };
		1DF5F4E00D08C38300B7A737 /* UIKit.framework in Frameworks */ = {isa = PBXBuildFile; fileRef = 1DF5F4DF0D08C38300B7A737 /* UIKit.framework */; };
		2514C27210084DB100A42282 /* ES1Renderer.mm in Sources */ = {isa = PBXBuildFile; fileRef = 2514C26E10084DB100A42282 /* ES1Renderer.mm */; };
		2514C27B10084DCA00A42282 /* Shader.fsh in Resources */ = {isa = PBXBuildFile; fileRef = 2514C27910084DCA00A42282 /* Shader.fsh */; };
		2514C27C10084DCA00A42282 /* Shader.vsh in Resources */ = {isa = PBXBuildFile; fileRef = 2514C27A10084DCA00A42282 /* Shader.vsh */; };
		28AD733F0D9D9553002E5188 /* MainWindow.xib in Resources */ = {isa = PBXBuildFile; fileRef = 28AD733E0D9D9553002E5188 /* MainWindow.xib */; };
		28FD14FE0DC6FC130079059D /* EAGLView.mm in Sources */ = {isa = PBXBuildFile; fileRef = 28FD14FD0DC6FC130079059D /* EAGLView.mm */; };
		28FD15000DC6FC520079059D /* OpenGLES.framework in Frameworks */ = {isa = PBXBuildFile; fileRef = 28FD14FF0DC6FC520079059D /* OpenGLES.framework */; };
		28FD15080DC6FC5B0079059D /* QuartzCore.framework in Frameworks */ = {isa = PBXBuildFile; fileRef = 28FD15070DC6FC5B0079059D /* QuartzCore.framework */; };
		D51DF017130B8A390057FD04 /* WOGeometry.mm in Sources */ = {isa = PBXBuildFile; fileRef = D51DF016130B8A390057FD04 /* WOGeometry.mm */; };
		D51DF095130BAABA0057FD04 /* white_texture.png in Resources */ = {isa = PBXBuildFile; fileRef = D51DF094130BAABA0057FD04 /* white_texture.png */; };
		D51DF188130BD2A90057FD04 /* ArcBall.mm in Sources */ = {isa = PBXBuildFile; fileRef = D51DF187130BD2A90057FD04 /* ArcBall.mm */; };
		D553EC8D1308F3E700829ECF /* WOPlanet.mm in Sources */ = {isa = PBXBuildFile; fileRef = D553EC8C1308F3E700829ECF /* WOPlanet.mm */; };
		D553EEF41309383200829ECF /* glu.mm in Sources */ = {isa = PBXBuildFile; fileRef = D553EEF31309383200829ECF /* glu.mm */; };
		D553EFA61309E77E00829ECF /* venusbump.jpg in Resources */ = {isa = PBXBuildFile; fileRef = D553EF991309E77D00829ECF /* venusbump.jpg */; };
		D55E3A99130C2C17009E23B7 /* icon.png in Resources */ = {isa = PBXBuildFile; fileRef = D55E3A98130C2C17009E23B7 /* icon.png */; };
		D5A1855E12FC438600107C05 /* WOLSystem.mm in Sources */ = {isa = PBXBuildFile; fileRef = D5A1855D12FC438600107C05 /* WOLSystem.mm */; };
		D5A187DB1300776A00107C05 /* AKTouchTracker.mm in Sources */ = {isa = PBXBuildFile; fileRef = D5A187DA1300776A00107C05 /* AKTouchTracker.mm */; };
		D5A188631300886300107C05 /* mo_accel.mm in Sources */ = {isa = PBXBuildFile; fileRef = D5A188291300886300107C05 /* mo_accel.mm */; };
		D5A188641300886300107C05 /* mo_audio.mm in Sources */ = {isa = PBXBuildFile; fileRef = D5A1882B1300886300107C05 /* mo_audio.mm */; };
		D5A188651300886300107C05 /* mo_colormap.mm in Sources */ = {isa = PBXBuildFile; fileRef = D5A1882D1300886300107C05 /* mo_colormap.mm */; };
		D5A188661300886300107C05 /* mo_compass.mm in Sources */ = {isa = PBXBuildFile; fileRef = D5A1882F1300886300107C05 /* mo_compass.mm */; };
		D5A188671300886300107C05 /* mo_fft.mm in Sources */ = {isa = PBXBuildFile; fileRef = D5A188321300886300107C05 /* mo_fft.mm */; };
		D5A188681300886300107C05 /* mo_filter.mm in Sources */ = {isa = PBXBuildFile; fileRef = D5A188341300886300107C05 /* mo_filter.mm */; };
		D5A188691300886300107C05 /* mo_fun.mm in Sources */ = {isa = PBXBuildFile; fileRef = D5A188361300886300107C05 /* mo_fun.mm */; };
		D5A1886A1300886300107C05 /* mo_gfx.mm in Sources */ = {isa = PBXBuildFile; fileRef = D5A188381300886300107C05 /* mo_gfx.mm */; };
		D5A1886B1300886300107C05 /* mo_io.mm in Sources */ = {isa = PBXBuildFile; fileRef = D5A1883A1300886300107C05 /* mo_io.mm */; };
		D5A1886C1300886300107C05 /* mo_location.mm in Sources */ = {isa = PBXBuildFile; fileRef = D5A1883C1300886300107C05 /* mo_location.mm */; };
		D5A1886D1300886300107C05 /* mo_net.mm in Sources */ = {isa = PBXBuildFile; fileRef = D5A1883E1300886300107C05 /* mo_net.mm */; };
		D5A1886E1300886300107C05 /* mo_thread.mm in Sources */ = {isa = PBXBuildFile; fileRef = D5A188401300886300107C05 /* mo_thread.mm */; };
		D5A1886F1300886300107C05 /* mo_touch.mm in Sources */ = {isa = PBXBuildFile; fileRef = D5A188421300886300107C05 /* mo_touch.mm */; };
		D5A188701300886300107C05 /* IpEndpointName.cpp in Sources */ = {isa = PBXBuildFile; fileRef = D5A188461300886300107C05 /* IpEndpointName.cpp */; };
		D5A188711300886300107C05 /* NetworkingUtils.cpp in Sources */ = {isa = PBXBuildFile; fileRef = D5A1884B1300886300107C05 /* NetworkingUtils.cpp */; };
		D5A188721300886300107C05 /* UdpSocket.cpp in Sources */ = {isa = PBXBuildFile; fileRef = D5A1884C1300886300107C05 /* UdpSocket.cpp */; };
		D5A188731300886300107C05 /* OscOutboundPacketStream.cpp in Sources */ = {isa = PBXBuildFile; fileRef = D5A188531300886300107C05 /* OscOutboundPacketStream.cpp */; };
		D5A188741300886300107C05 /* OscPrintReceivedElements.cpp in Sources */ = {isa = PBXBuildFile; fileRef = D5A188561300886300107C05 /* OscPrintReceivedElements.cpp */; };
		D5A188751300886300107C05 /* OscReceivedElements.cpp in Sources */ = {isa = PBXBuildFile; fileRef = D5A188581300886300107C05 /* OscReceivedElements.cpp */; };
		D5A188761300886300107C05 /* OscTypes.cpp in Sources */ = {isa = PBXBuildFile; fileRef = D5A1885A1300886300107C05 /* OscTypes.cpp */; };
		D5A188771300886300107C05 /* AUTHORS in Resources */ = {isa = PBXBuildFile; fileRef = D5A1885C1300886300107C05 /* AUTHORS */; };
		D5A188781300886300107C05 /* COPYING in Resources */ = {isa = PBXBuildFile; fileRef = D5A1885D1300886300107C05 /* COPYING */; };
		D5A188791300886300107C05 /* DEVELOPER in Resources */ = {isa = PBXBuildFile; fileRef = D5A1885E1300886300107C05 /* DEVELOPER */; };
		D5A1887A1300886300107C05 /* README in Resources */ = {isa = PBXBuildFile; fileRef = D5A1885F1300886300107C05 /* README */; };
		D5A1887B1300886300107C05 /* THANKS in Resources */ = {isa = PBXBuildFile; fileRef = D5A188601300886300107C05 /* THANKS */; };
		D5A1887C1300886300107C05 /* TODO in Resources */ = {isa = PBXBuildFile; fileRef = D5A188611300886300107C05 /* TODO */; };
		D5A1887D1300886300107C05 /* VERSIONS in Resources */ = {isa = PBXBuildFile; fileRef = D5A188621300886300107C05 /* VERSIONS */; };
		D5A18887130089EA00107C05 /* WOAudio.mm in Sources */ = {isa = PBXBuildFile; fileRef = D5A18886130089EA00107C05 /* WOAudio.mm */; };
		D5A1889213008AA500107C05 /* AudioToolbox.framework in Frameworks */ = {isa = PBXBuildFile; fileRef = D5A1889113008AA500107C05 /* AudioToolbox.framework */; };
		D5A1889413008AA500107C05 /* CoreLocation.framework in Frameworks */ = {isa = PBXBuildFile; fileRef = D5A1889313008AA500107C05 /* CoreLocation.framework */; };
		D5A1890313008ACD00107C05 /* CoreGraphics.framework in Frameworks */ = {isa = PBXBuildFile; fileRef = D5A1890213008ACC00107C05 /* CoreGraphics.framework */; };
		D5FD542912FAC02200576F45 /* WOState.mm in Sources */ = {isa = PBXBuildFile; fileRef = D5FD542812FAC02200576F45 /* WOState.mm */; };
/* End PBXBuildFile section */

/* Begin PBXFileReference section */
		1D30AB110D05D00D00671497 /* Foundation.framework */ = {isa = PBXFileReference; lastKnownFileType = wrapper.framework; name = Foundation.framework; path = System/Library/Frameworks/Foundation.framework; sourceTree = SDKROOT; };
		1D3623240D0F684500981E51 /* woldAppDelegate.h */ = {isa = PBXFileReference; fileEncoding = 4; lastKnownFileType = sourcecode.c.h; path = woldAppDelegate.h; sourceTree = "<group>"; };
		1D3623250D0F684500981E51 /* woldAppDelegate.mm */ = {isa = PBXFileReference; fileEncoding = 4; lastKnownFileType = sourcecode.cpp.objcpp; path = woldAppDelegate.mm; sourceTree = "<group>"; };
		1D6058910D05DD3D006BFB54 /* wold.app */ = {isa = PBXFileReference; explicitFileType = wrapper.application; includeInIndex = 0; path = wold.app; sourceTree = BUILT_PRODUCTS_DIR; };
		1DF5F4DF0D08C38300B7A737 /* UIKit.framework */ = {isa = PBXFileReference; lastKnownFileType = wrapper.framework; name = UIKit.framework; path = System/Library/Frameworks/UIKit.framework; sourceTree = SDKROOT; };
		2514C26D10084DB100A42282 /* ES1Renderer.h */ = {isa = PBXFileReference; fileEncoding = 4; lastKnownFileType = sourcecode.c.h; path = ES1Renderer.h; sourceTree = "<group>"; };
		2514C26E10084DB100A42282 /* ES1Renderer.mm */ = {isa = PBXFileReference; fileEncoding = 4; lastKnownFileType = sourcecode.cpp.objcpp; path = ES1Renderer.mm; sourceTree = "<group>"; };
		2514C27110084DB100A42282 /* ESRenderer.h */ = {isa = PBXFileReference; fileEncoding = 4; lastKnownFileType = sourcecode.c.h; path = ESRenderer.h; sourceTree = "<group>"; };
		2514C27910084DCA00A42282 /* Shader.fsh */ = {isa = PBXFileReference; fileEncoding = 4; lastKnownFileType = sourcecode.glsl; name = Shader.fsh; path = Shaders/Shader.fsh; sourceTree = "<group>"; };
		2514C27A10084DCA00A42282 /* Shader.vsh */ = {isa = PBXFileReference; fileEncoding = 4; lastKnownFileType = sourcecode.glsl; name = Shader.vsh; path = Shaders/Shader.vsh; sourceTree = "<group>"; };
		28AD733E0D9D9553002E5188 /* MainWindow.xib */ = {isa = PBXFileReference; lastKnownFileType = file.xib; path = MainWindow.xib; sourceTree = "<group>"; };
		28FD14FC0DC6FC130079059D /* EAGLView.h */ = {isa = PBXFileReference; fileEncoding = 4; lastKnownFileType = sourcecode.c.h; path = EAGLView.h; sourceTree = "<group>"; };
		28FD14FD0DC6FC130079059D /* EAGLView.mm */ = {isa = PBXFileReference; fileEncoding = 4; lastKnownFileType = sourcecode.cpp.objcpp; path = EAGLView.mm; sourceTree = "<group>"; };
		28FD14FF0DC6FC520079059D /* OpenGLES.framework */ = {isa = PBXFileReference; lastKnownFileType = wrapper.framework; name = OpenGLES.framework; path = System/Library/Frameworks/OpenGLES.framework; sourceTree = SDKROOT; };
		28FD15070DC6FC5B0079059D /* QuartzCore.framework */ = {isa = PBXFileReference; lastKnownFileType = wrapper.framework; name = QuartzCore.framework; path = System/Library/Frameworks/QuartzCore.framework; sourceTree = SDKROOT; };
		29B97316FDCFA39411CA2CEA /* main.m */ = {isa = PBXFileReference; fileEncoding = 4; lastKnownFileType = sourcecode.c.objc; path = main.m; sourceTree = "<group>"; };
		32CA4F630368D1EE00C91783 /* wold_Prefix.pch */ = {isa = PBXFileReference; fileEncoding = 4; lastKnownFileType = sourcecode.c.h; path = wold_Prefix.pch; sourceTree = "<group>"; };
		8D1107310486CEB800E47090 /* wold-Info.plist */ = {isa = PBXFileReference; fileEncoding = 4; lastKnownFileType = text.plist.xml; path = "wold-Info.plist"; plistStructureDefinitionIdentifier = "com.apple.xcode.plist.structure-definition.iphone.info-plist"; sourceTree = "<group>"; };
		D51DF015130B8A390057FD04 /* WOGeometry.h */ = {isa = PBXFileReference; fileEncoding = 4; lastKnownFileType = sourcecode.c.h; path = WOGeometry.h; sourceTree = "<group>"; };
		D51DF016130B8A390057FD04 /* WOGeometry.mm */ = {isa = PBXFileReference; fileEncoding = 4; lastKnownFileType = sourcecode.cpp.objcpp; path = WOGeometry.mm; sourceTree = "<group>"; };
		D51DF094130BAABA0057FD04 /* white_texture.png */ = {isa = PBXFileReference; lastKnownFileType = image.png; path = white_texture.png; sourceTree = "<group>"; };
		D51DF186130BD2A90057FD04 /* ArcBall.h */ = {isa = PBXFileReference; fileEncoding = 4; lastKnownFileType = sourcecode.c.h; path = ArcBall.h; sourceTree = "<group>"; };
		D51DF187130BD2A90057FD04 /* ArcBall.mm */ = {isa = PBXFileReference; fileEncoding = 4; lastKnownFileType = sourcecode.cpp.objcpp; path = ArcBall.mm; sourceTree = "<group>"; };
		D553EC8B1308F3E700829ECF /* WOPlanet.h */ = {isa = PBXFileReference; fileEncoding = 4; lastKnownFileType = sourcecode.c.h; path = WOPlanet.h; sourceTree = "<group>"; };
		D553EC8C1308F3E700829ECF /* WOPlanet.mm */ = {isa = PBXFileReference; fileEncoding = 4; lastKnownFileType = sourcecode.cpp.objcpp; path = WOPlanet.mm; sourceTree = "<group>"; };
		D553EEF21309383200829ECF /* glu.h */ = {isa = PBXFileReference; fileEncoding = 4; lastKnownFileType = sourcecode.c.h; path = glu.h; sourceTree = "<group>"; };
		D553EEF31309383200829ECF /* glu.mm */ = {isa = PBXFileReference; fileEncoding = 4; lastKnownFileType = sourcecode.cpp.objcpp; path = glu.mm; sourceTree = "<group>"; };
		D553EF991309E77D00829ECF /* venusbump.jpg */ = {isa = PBXFileReference; lastKnownFileType = image.jpeg; path = venusbump.jpg; sourceTree = "<group>"; };
		D55E3A98130C2C17009E23B7 /* icon.png */ = {isa = PBXFileReference; lastKnownFileType = image.png; path = icon.png; sourceTree = "<group>"; };
		D5666EC11312748A00D13D0A /* Matrix.hpp */ = {isa = PBXFileReference; fileEncoding = 4; lastKnownFileType = sourcecode.cpp.h; path = Matrix.hpp; sourceTree = "<group>"; };
		D5666EC213127B5900D13D0A /* Quaternion.hpp */ = {isa = PBXFileReference; fileEncoding = 4; lastKnownFileType = sourcecode.cpp.h; path = Quaternion.hpp; sourceTree = "<group>"; };
		D5941680130EDABC00EC5427 /* Vector.hpp */ = {isa = PBXFileReference; fileEncoding = 4; lastKnownFileType = sourcecode.cpp.h; path = Vector.hpp; sourceTree = "<group>"; };
		D5A1855C12FC438600107C05 /* WOLSystem.h */ = {isa = PBXFileReference; fileEncoding = 4; lastKnownFileType = sourcecode.c.h; path = WOLSystem.h; sourceTree = "<group>"; };
		D5A1855D12FC438600107C05 /* WOLSystem.mm */ = {isa = PBXFileReference; fileEncoding = 4; lastKnownFileType = sourcecode.cpp.objcpp; path = WOLSystem.mm; sourceTree = "<group>"; };
		D5A187D91300776900107C05 /* AKTouchTracker.h */ = {isa = PBXFileReference; fileEncoding = 4; lastKnownFileType = sourcecode.c.h; path = AKTouchTracker.h; sourceTree = "<group>"; };
		D5A187DA1300776A00107C05 /* AKTouchTracker.mm */ = {isa = PBXFileReference; fileEncoding = 4; lastKnownFileType = sourcecode.cpp.objcpp; path = AKTouchTracker.mm; sourceTree = "<group>"; };
		D5A188281300886300107C05 /* mo_accel.h */ = {isa = PBXFileReference; fileEncoding = 4; lastKnownFileType = sourcecode.c.h; path = mo_accel.h; sourceTree = "<group>"; };
		D5A188291300886300107C05 /* mo_accel.mm */ = {isa = PBXFileReference; fileEncoding = 4; lastKnownFileType = sourcecode.cpp.objcpp; path = mo_accel.mm; sourceTree = "<group>"; };
		D5A1882A1300886300107C05 /* mo_audio.h */ = {isa = PBXFileReference; fileEncoding = 4; lastKnownFileType = sourcecode.c.h; path = mo_audio.h; sourceTree = "<group>"; };
		D5A1882B1300886300107C05 /* mo_audio.mm */ = {isa = PBXFileReference; fileEncoding = 4; lastKnownFileType = sourcecode.cpp.objcpp; path = mo_audio.mm; sourceTree = "<group>"; };
		D5A1882C1300886300107C05 /* mo_colormap.h */ = {isa = PBXFileReference; fileEncoding = 4; lastKnownFileType = sourcecode.c.h; path = mo_colormap.h; sourceTree = "<group>"; };
		D5A1882D1300886300107C05 /* mo_colormap.mm */ = {isa = PBXFileReference; fileEncoding = 4; lastKnownFileType = sourcecode.cpp.objcpp; path = mo_colormap.mm; sourceTree = "<group>"; };
		D5A1882E1300886300107C05 /* mo_compass.h */ = {isa = PBXFileReference; fileEncoding = 4; lastKnownFileType = sourcecode.c.h; path = mo_compass.h; sourceTree = "<group>"; };
		D5A1882F1300886300107C05 /* mo_compass.mm */ = {isa = PBXFileReference; fileEncoding = 4; lastKnownFileType = sourcecode.cpp.objcpp; path = mo_compass.mm; sourceTree = "<group>"; };
		D5A188301300886300107C05 /* mo_def.h */ = {isa = PBXFileReference; fileEncoding = 4; lastKnownFileType = sourcecode.c.h; path = mo_def.h; sourceTree = "<group>"; };
		D5A188311300886300107C05 /* mo_fft.h */ = {isa = PBXFileReference; fileEncoding = 4; lastKnownFileType = sourcecode.c.h; path = mo_fft.h; sourceTree = "<group>"; };
		D5A188321300886300107C05 /* mo_fft.mm */ = {isa = PBXFileReference; fileEncoding = 4; lastKnownFileType = sourcecode.cpp.objcpp; path = mo_fft.mm; sourceTree = "<group>"; };
		D5A188331300886300107C05 /* mo_filter.h */ = {isa = PBXFileReference; fileEncoding = 4; lastKnownFileType = sourcecode.c.h; path = mo_filter.h; sourceTree = "<group>"; };
		D5A188341300886300107C05 /* mo_filter.mm */ = {isa = PBXFileReference; fileEncoding = 4; lastKnownFileType = sourcecode.cpp.objcpp; path = mo_filter.mm; sourceTree = "<group>"; };
		D5A188351300886300107C05 /* mo_fun.h */ = {isa = PBXFileReference; fileEncoding = 4; lastKnownFileType = sourcecode.c.h; path = mo_fun.h; sourceTree = "<group>"; };
		D5A188361300886300107C05 /* mo_fun.mm */ = {isa = PBXFileReference; fileEncoding = 4; lastKnownFileType = sourcecode.cpp.objcpp; path = mo_fun.mm; sourceTree = "<group>"; };
		D5A188371300886300107C05 /* mo_gfx.h */ = {isa = PBXFileReference; fileEncoding = 4; lastKnownFileType = sourcecode.c.h; path = mo_gfx.h; sourceTree = "<group>"; };
		D5A188381300886300107C05 /* mo_gfx.mm */ = {isa = PBXFileReference; fileEncoding = 4; lastKnownFileType = sourcecode.cpp.objcpp; path = mo_gfx.mm; sourceTree = "<group>"; };
		D5A188391300886300107C05 /* mo_io.h */ = {isa = PBXFileReference; fileEncoding = 4; lastKnownFileType = sourcecode.c.h; path = mo_io.h; sourceTree = "<group>"; };
		D5A1883A1300886300107C05 /* mo_io.mm */ = {isa = PBXFileReference; fileEncoding = 4; lastKnownFileType = sourcecode.cpp.objcpp; path = mo_io.mm; sourceTree = "<group>"; };
		D5A1883B1300886300107C05 /* mo_location.h */ = {isa = PBXFileReference; fileEncoding = 4; lastKnownFileType = sourcecode.c.h; path = mo_location.h; sourceTree = "<group>"; };
		D5A1883C1300886300107C05 /* mo_location.mm */ = {isa = PBXFileReference; fileEncoding = 4; lastKnownFileType = sourcecode.cpp.objcpp; path = mo_location.mm; sourceTree = "<group>"; };
		D5A1883D1300886300107C05 /* mo_net.h */ = {isa = PBXFileReference; fileEncoding = 4; lastKnownFileType = sourcecode.c.h; path = mo_net.h; sourceTree = "<group>"; };
		D5A1883E1300886300107C05 /* mo_net.mm */ = {isa = PBXFileReference; fileEncoding = 4; lastKnownFileType = sourcecode.cpp.objcpp; path = mo_net.mm; sourceTree = "<group>"; };
		D5A1883F1300886300107C05 /* mo_thread.h */ = {isa = PBXFileReference; fileEncoding = 4; lastKnownFileType = sourcecode.c.h; path = mo_thread.h; sourceTree = "<group>"; };
		D5A188401300886300107C05 /* mo_thread.mm */ = {isa = PBXFileReference; fileEncoding = 4; lastKnownFileType = sourcecode.cpp.objcpp; path = mo_thread.mm; sourceTree = "<group>"; };
		D5A188411300886300107C05 /* mo_touch.h */ = {isa = PBXFileReference; fileEncoding = 4; lastKnownFileType = sourcecode.c.h; path = mo_touch.h; sourceTree = "<group>"; };
		D5A188421300886300107C05 /* mo_touch.mm */ = {isa = PBXFileReference; fileEncoding = 4; lastKnownFileType = sourcecode.cpp.objcpp; path = mo_touch.mm; sourceTree = "<group>"; };
		D5A188431300886300107C05 /* momu.h */ = {isa = PBXFileReference; fileEncoding = 4; lastKnownFileType = sourcecode.c.h; path = momu.h; sourceTree = "<group>"; };
		D5A188461300886300107C05 /* IpEndpointName.cpp */ = {isa = PBXFileReference; fileEncoding = 4; lastKnownFileType = sourcecode.cpp.cpp; path = IpEndpointName.cpp; sourceTree = "<group>"; };
		D5A188471300886300107C05 /* IpEndpointName.h */ = {isa = PBXFileReference; fileEncoding = 4; lastKnownFileType = sourcecode.c.h; path = IpEndpointName.h; sourceTree = "<group>"; };
		D5A188481300886300107C05 /* NetworkingUtils.h */ = {isa = PBXFileReference; fileEncoding = 4; lastKnownFileType = sourcecode.c.h; path = NetworkingUtils.h; sourceTree = "<group>"; };
		D5A188491300886300107C05 /* PacketListener.h */ = {isa = PBXFileReference; fileEncoding = 4; lastKnownFileType = sourcecode.c.h; path = PacketListener.h; sourceTree = "<group>"; };
		D5A1884B1300886300107C05 /* NetworkingUtils.cpp */ = {isa = PBXFileReference; fileEncoding = 4; lastKnownFileType = sourcecode.cpp.cpp; path = NetworkingUtils.cpp; sourceTree = "<group>"; };
		D5A1884C1300886300107C05 /* UdpSocket.cpp */ = {isa = PBXFileReference; fileEncoding = 4; lastKnownFileType = sourcecode.cpp.cpp; path = UdpSocket.cpp; sourceTree = "<group>"; };
		D5A1884D1300886300107C05 /* TimerListener.h */ = {isa = PBXFileReference; fileEncoding = 4; lastKnownFileType = sourcecode.c.h; path = TimerListener.h; sourceTree = "<group>"; };
		D5A1884E1300886300107C05 /* UdpSocket.h */ = {isa = PBXFileReference; fileEncoding = 4; lastKnownFileType = sourcecode.c.h; path = UdpSocket.h; sourceTree = "<group>"; };
		D5A188501300886300107C05 /* MessageMappingOscPacketListener.h */ = {isa = PBXFileReference; fileEncoding = 4; lastKnownFileType = sourcecode.c.h; path = MessageMappingOscPacketListener.h; sourceTree = "<group>"; };
		D5A188511300886300107C05 /* OscException.h */ = {isa = PBXFileReference; fileEncoding = 4; lastKnownFileType = sourcecode.c.h; path = OscException.h; sourceTree = "<group>"; };
		D5A188521300886300107C05 /* OscHostEndianness.h */ = {isa = PBXFileReference; fileEncoding = 4; lastKnownFileType = sourcecode.c.h; path = OscHostEndianness.h; sourceTree = "<group>"; };
		D5A188531300886300107C05 /* OscOutboundPacketStream.cpp */ = {isa = PBXFileReference; fileEncoding = 4; lastKnownFileType = sourcecode.cpp.cpp; path = OscOutboundPacketStream.cpp; sourceTree = "<group>"; };
		D5A188541300886300107C05 /* OscOutboundPacketStream.h */ = {isa = PBXFileReference; fileEncoding = 4; lastKnownFileType = sourcecode.c.h; path = OscOutboundPacketStream.h; sourceTree = "<group>"; };
		D5A188551300886300107C05 /* OscPacketListener.h */ = {isa = PBXFileReference; fileEncoding = 4; lastKnownFileType = sourcecode.c.h; path = OscPacketListener.h; sourceTree = "<group>"; };
		D5A188561300886300107C05 /* OscPrintReceivedElements.cpp */ = {isa = PBXFileReference; fileEncoding = 4; lastKnownFileType = sourcecode.cpp.cpp; path = OscPrintReceivedElements.cpp; sourceTree = "<group>"; };
		D5A188571300886300107C05 /* OscPrintReceivedElements.h */ = {isa = PBXFileReference; fileEncoding = 4; lastKnownFileType = sourcecode.c.h; path = OscPrintReceivedElements.h; sourceTree = "<group>"; };
		D5A188581300886300107C05 /* OscReceivedElements.cpp */ = {isa = PBXFileReference; fileEncoding = 4; lastKnownFileType = sourcecode.cpp.cpp; path = OscReceivedElements.cpp; sourceTree = "<group>"; };
		D5A188591300886300107C05 /* OscReceivedElements.h */ = {isa = PBXFileReference; fileEncoding = 4; lastKnownFileType = sourcecode.c.h; path = OscReceivedElements.h; sourceTree = "<group>"; };
		D5A1885A1300886300107C05 /* OscTypes.cpp */ = {isa = PBXFileReference; fileEncoding = 4; lastKnownFileType = sourcecode.cpp.cpp; path = OscTypes.cpp; sourceTree = "<group>"; };
		D5A1885B1300886300107C05 /* OscTypes.h */ = {isa = PBXFileReference; fileEncoding = 4; lastKnownFileType = sourcecode.c.h; path = OscTypes.h; sourceTree = "<group>"; };
		D5A1885C1300886300107C05 /* AUTHORS */ = {isa = PBXFileReference; fileEncoding = 4; lastKnownFileType = text; path = AUTHORS; sourceTree = "<group>"; };
		D5A1885D1300886300107C05 /* COPYING */ = {isa = PBXFileReference; fileEncoding = 4; lastKnownFileType = text; path = COPYING; sourceTree = "<group>"; };
		D5A1885E1300886300107C05 /* DEVELOPER */ = {isa = PBXFileReference; fileEncoding = 4; lastKnownFileType = text; path = DEVELOPER; sourceTree = "<group>"; };
		D5A1885F1300886300107C05 /* README */ = {isa = PBXFileReference; fileEncoding = 4; lastKnownFileType = text; path = README; sourceTree = "<group>"; };
		D5A188601300886300107C05 /* THANKS */ = {isa = PBXFileReference; fileEncoding = 4; lastKnownFileType = text; path = THANKS; sourceTree = "<group>"; };
		D5A188611300886300107C05 /* TODO */ = {isa = PBXFileReference; fileEncoding = 4; lastKnownFileType = text; path = TODO; sourceTree = "<group>"; };
		D5A188621300886300107C05 /* VERSIONS */ = {isa = PBXFileReference; fileEncoding = 4; lastKnownFileType = text; path = VERSIONS; sourceTree = "<group>"; };
		D5A18885130089EA00107C05 /* WOAudio.h */ = {isa = PBXFileReference; fileEncoding = 4; lastKnownFileType = sourcecode.c.h; path = WOAudio.h; sourceTree = "<group>"; };
		D5A18886130089EA00107C05 /* WOAudio.mm */ = {isa = PBXFileReference; fileEncoding = 4; lastKnownFileType = sourcecode.cpp.objcpp; path = WOAudio.mm; sourceTree = "<group>"; };
		D5A1889113008AA500107C05 /* AudioToolbox.framework */ = {isa = PBXFileReference; lastKnownFileType = wrapper.framework; name = AudioToolbox.framework; path = System/Library/Frameworks/AudioToolbox.framework; sourceTree = SDKROOT; };
		D5A1889313008AA500107C05 /* CoreLocation.framework */ = {isa = PBXFileReference; lastKnownFileType = wrapper.framework; name = CoreLocation.framework; path = System/Library/Frameworks/CoreLocation.framework; sourceTree = SDKROOT; };
		D5A1890213008ACC00107C05 /* CoreGraphics.framework */ = {isa = PBXFileReference; lastKnownFileType = wrapper.framework; name = CoreGraphics.framework; path = System/Library/Frameworks/CoreGraphics.framework; sourceTree = SDKROOT; };
		D5FD542712FAC02200576F45 /* WOState.h */ = {isa = PBXFileReference; fileEncoding = 4; lastKnownFileType = sourcecode.c.h; path = WOState.h; sourceTree = "<group>"; };
		D5FD542812FAC02200576F45 /* WOState.mm */ = {isa = PBXFileReference; fileEncoding = 4; lastKnownFileType = sourcecode.cpp.objcpp; path = WOState.mm; sourceTree = "<group>"; };
/* End PBXFileReference section */

/* Begin PBXFrameworksBuildPhase section */
		1D60588F0D05DD3D006BFB54 /* Frameworks */ = {
			isa = PBXFrameworksBuildPhase;
			buildActionMask = 2147483647;
			files = (
				1D60589F0D05DD5A006BFB54 /* Foundation.framework in Frameworks */,
				1DF5F4E00D08C38300B7A737 /* UIKit.framework in Frameworks */,
				28FD15000DC6FC520079059D /* OpenGLES.framework in Frameworks */,
				28FD15080DC6FC5B0079059D /* QuartzCore.framework in Frameworks */,
				D5A1889213008AA500107C05 /* AudioToolbox.framework in Frameworks */,
				D5A1889413008AA500107C05 /* CoreLocation.framework in Frameworks */,
				D5A1890313008ACD00107C05 /* CoreGraphics.framework in Frameworks */,
			);
			runOnlyForDeploymentPostprocessing = 0;
		};
/* End PBXFrameworksBuildPhase section */

/* Begin PBXGroup section */
		080E96DDFE201D6D7F000001 /* Classes */ = {
			isa = PBXGroup;
			children = (
				D5666EC01312744F00D13D0A /* Maths */,
				D51DF186130BD2A90057FD04 /* ArcBall.h */,
				D51DF187130BD2A90057FD04 /* ArcBall.mm */,
				D553EEF21309383200829ECF /* glu.h */,
				D553EEF31309383200829ECF /* glu.mm */,
				D5A187D91300776900107C05 /* AKTouchTracker.h */,
				D5A187DA1300776A00107C05 /* AKTouchTracker.mm */,
				2514C26D10084DB100A42282 /* ES1Renderer.h */,
				2514C26E10084DB100A42282 /* ES1Renderer.mm */,
				2514C27110084DB100A42282 /* ESRenderer.h */,
				28FD14FC0DC6FC130079059D /* EAGLView.h */,
				28FD14FD0DC6FC130079059D /* EAGLView.mm */,
				1D3623240D0F684500981E51 /* woldAppDelegate.h */,
				1D3623250D0F684500981E51 /* woldAppDelegate.mm */,
				D5FD542712FAC02200576F45 /* WOState.h */,
				D5FD542812FAC02200576F45 /* WOState.mm */,
				D5A1855C12FC438600107C05 /* WOLSystem.h */,
				D5A1855D12FC438600107C05 /* WOLSystem.mm */,
				D5A18885130089EA00107C05 /* WOAudio.h */,
				D5A18886130089EA00107C05 /* WOAudio.mm */,
				D553EC8B1308F3E700829ECF /* WOPlanet.h */,
				D553EC8C1308F3E700829ECF /* WOPlanet.mm */,
				D51DF015130B8A390057FD04 /* WOGeometry.h */,
				D51DF016130B8A390057FD04 /* WOGeometry.mm */,
			);
			path = Classes;
			sourceTree = "<group>";
		};
		19C28FACFE9D520D11CA2CBB /* Products */ = {
			isa = PBXGroup;
			children = (
				1D6058910D05DD3D006BFB54 /* wold.app */,
			);
			name = Products;
			sourceTree = "<group>";
		};
		2514C27610084DB600A42282 /* Shaders */ = {
			isa = PBXGroup;
			children = (
				2514C27910084DCA00A42282 /* Shader.fsh */,
				2514C27A10084DCA00A42282 /* Shader.vsh */,
			);
			name = Shaders;
			sourceTree = "<group>";
		};
		29B97314FDCFA39411CA2CEA /* CustomTemplate */ = {
			isa = PBXGroup;
			children = (
				D5A188261300886200107C05 /* momu-1.0.0 */,
				080E96DDFE201D6D7F000001 /* Classes */,
				2514C27610084DB600A42282 /* Shaders */,
				29B97315FDCFA39411CA2CEA /* Other Sources */,
				29B97317FDCFA39411CA2CEA /* Resources */,
				29B97323FDCFA39411CA2CEA /* Frameworks */,
				19C28FACFE9D520D11CA2CBB /* Products */,
			);
			name = CustomTemplate;
			sourceTree = "<group>";
		};
		29B97315FDCFA39411CA2CEA /* Other Sources */ = {
			isa = PBXGroup;
			children = (
				32CA4F630368D1EE00C91783 /* wold_Prefix.pch */,
				29B97316FDCFA39411CA2CEA /* main.m */,
			);
			name = "Other Sources";
			sourceTree = "<group>";
		};
		29B97317FDCFA39411CA2CEA /* Resources */ = {
			isa = PBXGroup;
			children = (
				D55E3A98130C2C17009E23B7 /* icon.png */,
				D553EF921309E75A00829ECF /* textures */,
				28AD733E0D9D9553002E5188 /* MainWindow.xib */,
				8D1107310486CEB800E47090 /* wold-Info.plist */,
			);
			name = Resources;
			sourceTree = "<group>";
		};
		29B97323FDCFA39411CA2CEA /* Frameworks */ = {
			isa = PBXGroup;
			children = (
				28FD15070DC6FC5B0079059D /* QuartzCore.framework */,
				28FD14FF0DC6FC520079059D /* OpenGLES.framework */,
				1DF5F4DF0D08C38300B7A737 /* UIKit.framework */,
				1D30AB110D05D00D00671497 /* Foundation.framework */,
				D5A1889113008AA500107C05 /* AudioToolbox.framework */,
				D5A1889313008AA500107C05 /* CoreLocation.framework */,
				D5A1890213008ACC00107C05 /* CoreGraphics.framework */,
			);
			name = Frameworks;
			sourceTree = "<group>";
		};
		D553EF921309E75A00829ECF /* textures */ = {
			isa = PBXGroup;
			children = (
				D51DF094130BAABA0057FD04 /* white_texture.png */,
				D553EF991309E77D00829ECF /* venusbump.jpg */,
			);
			name = textures;
			sourceTree = "<group>";
		};
		D5666EC01312744F00D13D0A /* Maths */ = {
			isa = PBXGroup;
			children = (
				D5941680130EDABC00EC5427 /* Vector.hpp */,
				D5666EC11312748A00D13D0A /* Matrix.hpp */,
				D5666EC213127B5900D13D0A /* Quaternion.hpp */,
			);
			name = Maths;
			sourceTree = "<group>";
		};
		D5A188261300886200107C05 /* momu-1.0.0 */ = {
			isa = PBXGroup;
			children = (
				D5A188271300886200107C05 /* api */,
				D5A1885C1300886300107C05 /* AUTHORS */,
				D5A1885D1300886300107C05 /* COPYING */,
				D5A1885E1300886300107C05 /* DEVELOPER */,
				D5A1885F1300886300107C05 /* README */,
				D5A188601300886300107C05 /* THANKS */,
				D5A188611300886300107C05 /* TODO */,
				D5A188621300886300107C05 /* VERSIONS */,
			);
			path = "momu-1.0.0";
			sourceTree = "<group>";
		};
		D5A188271300886200107C05 /* api */ = {
			isa = PBXGroup;
			children = (
				D5A188281300886300107C05 /* mo_accel.h */,
				D5A188291300886300107C05 /* mo_accel.mm */,
				D5A1882A1300886300107C05 /* mo_audio.h */,
				D5A1882B1300886300107C05 /* mo_audio.mm */,
				D5A1882C1300886300107C05 /* mo_colormap.h */,
				D5A1882D1300886300107C05 /* mo_colormap.mm */,
				D5A1882E1300886300107C05 /* mo_compass.h */,
				D5A1882F1300886300107C05 /* mo_compass.mm */,
				D5A188301300886300107C05 /* mo_def.h */,
				D5A188311300886300107C05 /* mo_fft.h */,
				D5A188321300886300107C05 /* mo_fft.mm */,
				D5A188331300886300107C05 /* mo_filter.h */,
				D5A188341300886300107C05 /* mo_filter.mm */,
				D5A188351300886300107C05 /* mo_fun.h */,
				D5A188361300886300107C05 /* mo_fun.mm */,
				D5A188371300886300107C05 /* mo_gfx.h */,
				D5A188381300886300107C05 /* mo_gfx.mm */,
				D5A188391300886300107C05 /* mo_io.h */,
				D5A1883A1300886300107C05 /* mo_io.mm */,
				D5A1883B1300886300107C05 /* mo_location.h */,
				D5A1883C1300886300107C05 /* mo_location.mm */,
				D5A1883D1300886300107C05 /* mo_net.h */,
				D5A1883E1300886300107C05 /* mo_net.mm */,
				D5A1883F1300886300107C05 /* mo_thread.h */,
				D5A188401300886300107C05 /* mo_thread.mm */,
				D5A188411300886300107C05 /* mo_touch.h */,
				D5A188421300886300107C05 /* mo_touch.mm */,
				D5A188431300886300107C05 /* momu.h */,
				D5A188441300886300107C05 /* oscpack */,
			);
			path = api;
			sourceTree = "<group>";
		};
		D5A188441300886300107C05 /* oscpack */ = {
			isa = PBXGroup;
			children = (
				D5A188451300886300107C05 /* ip */,
				D5A1884F1300886300107C05 /* osc */,
			);
			path = oscpack;
			sourceTree = "<group>";
		};
		D5A188451300886300107C05 /* ip */ = {
			isa = PBXGroup;
			children = (
				D5A188461300886300107C05 /* IpEndpointName.cpp */,
				D5A188471300886300107C05 /* IpEndpointName.h */,
				D5A188481300886300107C05 /* NetworkingUtils.h */,
				D5A188491300886300107C05 /* PacketListener.h */,
				D5A1884A1300886300107C05 /* posix */,
				D5A1884D1300886300107C05 /* TimerListener.h */,
				D5A1884E1300886300107C05 /* UdpSocket.h */,
			);
			path = ip;
			sourceTree = "<group>";
		};
		D5A1884A1300886300107C05 /* posix */ = {
			isa = PBXGroup;
			children = (
				D5A1884B1300886300107C05 /* NetworkingUtils.cpp */,
				D5A1884C1300886300107C05 /* UdpSocket.cpp */,
			);
			path = posix;
			sourceTree = "<group>";
		};
		D5A1884F1300886300107C05 /* osc */ = {
			isa = PBXGroup;
			children = (
				D5A188501300886300107C05 /* MessageMappingOscPacketListener.h */,
				D5A188511300886300107C05 /* OscException.h */,
				D5A188521300886300107C05 /* OscHostEndianness.h */,
				D5A188531300886300107C05 /* OscOutboundPacketStream.cpp */,
				D5A188541300886300107C05 /* OscOutboundPacketStream.h */,
				D5A188551300886300107C05 /* OscPacketListener.h */,
				D5A188561300886300107C05 /* OscPrintReceivedElements.cpp */,
				D5A188571300886300107C05 /* OscPrintReceivedElements.h */,
				D5A188581300886300107C05 /* OscReceivedElements.cpp */,
				D5A188591300886300107C05 /* OscReceivedElements.h */,
				D5A1885A1300886300107C05 /* OscTypes.cpp */,
				D5A1885B1300886300107C05 /* OscTypes.h */,
			);
			path = osc;
			sourceTree = "<group>";
		};
/* End PBXGroup section */

/* Begin PBXNativeTarget section */
		1D6058900D05DD3D006BFB54 /* wold */ = {
			isa = PBXNativeTarget;
			buildConfigurationList = 1D6058960D05DD3E006BFB54 /* Build configuration list for PBXNativeTarget "wold" */;
			buildPhases = (
				1D60588D0D05DD3D006BFB54 /* Resources */,
				1D60588E0D05DD3D006BFB54 /* Sources */,
				1D60588F0D05DD3D006BFB54 /* Frameworks */,
			);
			buildRules = (
			);
			dependencies = (
			);
			name = wold;
			productName = wold;
			productReference = 1D6058910D05DD3D006BFB54 /* wold.app */;
			productType = "com.apple.product-type.application";
		};
/* End PBXNativeTarget section */

/* Begin PBXProject section */
		29B97313FDCFA39411CA2CEA /* Project object */ = {
			isa = PBXProject;
			buildConfigurationList = C01FCF4E08A954540054247B /* Build configuration list for PBXProject "wold" */;
			compatibilityVersion = "Xcode 3.1";
			developmentRegion = English;
			hasScannedForEncodings = 1;
			knownRegions = (
				English,
				Japanese,
				French,
				German,
			);
			mainGroup = 29B97314FDCFA39411CA2CEA /* CustomTemplate */;
			projectDirPath = "";
			projectRoot = "";
			targets = (
				1D6058900D05DD3D006BFB54 /* wold */,
			);
		};
/* End PBXProject section */

/* Begin PBXResourcesBuildPhase section */
		1D60588D0D05DD3D006BFB54 /* Resources */ = {
			isa = PBXResourcesBuildPhase;
			buildActionMask = 2147483647;
			files = (
				2514C27B10084DCA00A42282 /* Shader.fsh in Resources */,
				2514C27C10084DCA00A42282 /* Shader.vsh in Resources */,
				28AD733F0D9D9553002E5188 /* MainWindow.xib in Resources */,
				D5A188771300886300107C05 /* AUTHORS in Resources */,
				D5A188781300886300107C05 /* COPYING in Resources */,
				D5A188791300886300107C05 /* DEVELOPER in Resources */,
				D5A1887A1300886300107C05 /* README in Resources */,
				D5A1887B1300886300107C05 /* THANKS in Resources */,
				D5A1887C1300886300107C05 /* TODO in Resources */,
				D5A1887D1300886300107C05 /* VERSIONS in Resources */,
				D553EFA61309E77E00829ECF /* venusbump.jpg in Resources */,
				D51DF095130BAABA0057FD04 /* white_texture.png in Resources */,
				D55E3A99130C2C17009E23B7 /* icon.png in Resources */,
			);
			runOnlyForDeploymentPostprocessing = 0;
		};
/* End PBXResourcesBuildPhase section */

/* Begin PBXSourcesBuildPhase section */
		1D60588E0D05DD3D006BFB54 /* Sources */ = {
			isa = PBXSourcesBuildPhase;
			buildActionMask = 2147483647;
			files = (
				1D60589B0D05DD56006BFB54 /* main.m in Sources */,
				1D3623260D0F684500981E51 /* woldAppDelegate.mm in Sources */,
				28FD14FE0DC6FC130079059D /* EAGLView.mm in Sources */,
				2514C27210084DB100A42282 /* ES1Renderer.mm in Sources */,
				D5FD542912FAC02200576F45 /* WOState.mm in Sources */,
				D5A1855E12FC438600107C05 /* WOLSystem.mm in Sources */,
				D5A187DB1300776A00107C05 /* AKTouchTracker.mm in Sources */,
				D5A188631300886300107C05 /* mo_accel.mm in Sources */,
				D5A188641300886300107C05 /* mo_audio.mm in Sources */,
				D5A188651300886300107C05 /* mo_colormap.mm in Sources */,
				D5A188661300886300107C05 /* mo_compass.mm in Sources */,
				D5A188671300886300107C05 /* mo_fft.mm in Sources */,
				D5A188681300886300107C05 /* mo_filter.mm in Sources */,
				D5A188691300886300107C05 /* mo_fun.mm in Sources */,
				D5A1886A1300886300107C05 /* mo_gfx.mm in Sources */,
				D5A1886B1300886300107C05 /* mo_io.mm in Sources */,
				D5A1886C1300886300107C05 /* mo_location.mm in Sources */,
				D5A1886D1300886300107C05 /* mo_net.mm in Sources */,
				D5A1886E1300886300107C05 /* mo_thread.mm in Sources */,
				D5A1886F1300886300107C05 /* mo_touch.mm in Sources */,
				D5A188701300886300107C05 /* IpEndpointName.cpp in Sources */,
				D5A188711300886300107C05 /* NetworkingUtils.cpp in Sources */,
				D5A188721300886300107C05 /* UdpSocket.cpp in Sources */,
				D5A188731300886300107C05 /* OscOutboundPacketStream.cpp in Sources */,
				D5A188741300886300107C05 /* OscPrintReceivedElements.cpp in Sources */,
				D5A188751300886300107C05 /* OscReceivedElements.cpp in Sources */,
				D5A188761300886300107C05 /* OscTypes.cpp in Sources */,
				D5A18887130089EA00107C05 /* WOAudio.mm in Sources */,
				D553EC8D1308F3E700829ECF /* WOPlanet.mm in Sources */,
				D553EEF41309383200829ECF /* glu.mm in Sources */,
				D51DF017130B8A390057FD04 /* WOGeometry.mm in Sources */,
				D51DF188130BD2A90057FD04 /* ArcBall.mm in Sources */,
			);
			runOnlyForDeploymentPostprocessing = 0;
		};
/* End PBXSourcesBuildPhase section */

/* Begin XCBuildConfiguration section */
		1D6058940D05DD3E006BFB54 /* Debug */ = {
			isa = XCBuildConfiguration;
			buildSettings = {
				ALWAYS_SEARCH_USER_PATHS = NO;
				COPY_PHASE_STRIP = NO;
				GCC_DYNAMIC_NO_PIC = NO;
				GCC_OPTIMIZATION_LEVEL = 1;
				GCC_PRECOMPILE_PREFIX_HEADER = YES;
				GCC_PREFIX_HEADER = wold_Prefix.pch;
				"GCC_THUMB_SUPPORT[arch=armv6]" = "";
				INFOPLIST_FILE = "wold-Info.plist";
				PRODUCT_NAME = wold;
			};
			name = Debug;
		};
		1D6058950D05DD3E006BFB54 /* Release */ = {
			isa = XCBuildConfiguration;
			buildSettings = {
				ALWAYS_SEARCH_USER_PATHS = NO;
				COPY_PHASE_STRIP = NO;
				GCC_PRECOMPILE_PREFIX_HEADER = YES;
				GCC_PREFIX_HEADER = wold_Prefix.pch;
				"GCC_THUMB_SUPPORT[arch=armv6]" = "";
				INFOPLIST_FILE = "wold-Info.plist";
				PRODUCT_NAME = wold;
				VALIDATE_PRODUCT = YES;
			};
			name = Release;
		};
		C01FCF4F08A954540054247B /* Debug */ = {
			isa = XCBuildConfiguration;
			buildSettings = {
				ARCHS = "$(ARCHS_UNIVERSAL_IPHONE_OS)";
				"CODE_SIGN_IDENTITY[sdk=iphoneos*]" = "iPhone Developer: Ge Wang (AR5E675E2R)";
				GCC_C_LANGUAGE_STANDARD = c99;
				GCC_OPTIMIZATION_LEVEL = 1;
				GCC_PREPROCESSOR_DEFINITIONS = DEBUG;
				GCC_VERSION = com.apple.compilers.llvm.clang.1_0;
				GCC_WARN_ABOUT_RETURN_TYPE = YES;
				GCC_WARN_UNUSED_VARIABLE = YES;
				PREBINDING = NO;
				"PROVISIONING_PROFILE[sdk=iphoneos*]" = "6A56C621-8243-4CDB-8EF9-A51D0D1D66DD";
				SDKROOT = iphoneos;
				TARGETED_DEVICE_FAMILY = 2;
			};
			name = Debug;
		};
		C01FCF5008A954540054247B /* Release */ = {
			isa = XCBuildConfiguration;
			buildSettings = {
				ARCHS = "$(ARCHS_UNIVERSAL_IPHONE_OS)";
				"CODE_SIGN_IDENTITY[sdk=iphoneos*]" = "iPhone Developer: Ge Wang (AR5E675E2R)";
				GCC_ALTIVEC_EXTENSIONS = YES;
				GCC_AUTO_VECTORIZATION = YES;
				GCC_C_LANGUAGE_STANDARD = c99;
				GCC_GENERATE_DEBUGGING_SYMBOLS = YES;
				GCC_OPTIMIZATION_LEVEL = 3;
				GCC_THUMB_SUPPORT = NO;
				GCC_UNROLL_LOOPS = YES;
				GCC_VERSION = com.apple.compilers.llvm.clang.1_0;
				GCC_WARN_ABOUT_RETURN_TYPE = YES;
				GCC_WARN_UNUSED_VARIABLE = YES;
				OTHER_CFLAGS = "-DNS_BLOCK_ASSERTIONS=1";
				PREBINDING = NO;
				"PROVISIONING_PROFILE[sdk=iphoneos*]" = "6A56C621-8243-4CDB-8EF9-A51D0D1D66DD";
				SDKROOT = iphoneos;
				TARGETED_DEVICE_FAMILY = 2;
			};
			name = Release;
		};
/* End XCBuildConfiguration section */

/* Begin XCConfigurationList section */
		1D6058960D05DD3E006BFB54 /* Build configuration list for PBXNativeTarget "wold" */ = {
			isa = XCConfigurationList;
			buildConfigurations = (
				1D6058940D05DD3E006BFB54 /* Debug */,
				1D6058950D05DD3E006BFB54 /* Release */,
			);
			defaultConfigurationIsVisible = 0;
			defaultConfigurationName = Release;
		};
		C01FCF4E08A954540054247B /* Build configuration list for PBXProject "wold" */ = {
			isa = XCConfigurationList;
			buildConfigurations = (
				C01FCF4F08A954540054247B /* Debug */,
				C01FCF5008A954540054247B /* Release */,
			);
			defaultConfigurationIsVisible = 0;
			defaultConfigurationName = Release;
		};
/* End XCConfigurationList section */
	};
	rootObject = 29B97313FDCFA39411CA2CEA /* Project object */;
}
