// !$*UTF8*$!
{
	archiveVersion = 1;
	classes = {
	};
	objectVersion = 45;
	objects = {

/* Begin PBXBuildFile section */
		1D3623260D0F684500981E51 /* HeavenlyMuffinsAppDelegate.mm in Sources */ = {isa = PBXBuildFile; fileRef = 1D3623250D0F684500981E51 /* HeavenlyMuffinsAppDelegate.mm */; };
		1D60589B0D05DD56006BFB54 /* main.m in Sources */ = {isa = PBXBuildFile; fileRef = 29B97316FDCFA39411CA2CEA /* main.m */; };
		1D60589F0D05DD5A006BFB54 /* Foundation.framework in Frameworks */ = {isa = PBXBuildFile; fileRef = 1D30AB110D05D00D00671497 /* Foundation.framework */; };
		1DF5F4E00D08C38300B7A737 /* UIKit.framework in Frameworks */ = {isa = PBXBuildFile; fileRef = 1DF5F4DF0D08C38300B7A737 /* UIKit.framework */; };
		288765A50DF7441C002DB57D /* CoreGraphics.framework in Frameworks */ = {isa = PBXBuildFile; fileRef = 288765A40DF7441C002DB57D /* CoreGraphics.framework */; };
		2899E5220DE3E06400AC0155 /* HeavenlyMuffinsViewController.xib in Resources */ = {isa = PBXBuildFile; fileRef = 2899E5210DE3E06400AC0155 /* HeavenlyMuffinsViewController.xib */; };
		28AD733F0D9D9553002E5188 /* MainWindow.xib in Resources */ = {isa = PBXBuildFile; fileRef = 28AD733E0D9D9553002E5188 /* MainWindow.xib */; };
		28D7ACF80DDB3853001CB0EB /* HeavenlyMuffinsViewController.mm in Sources */ = {isa = PBXBuildFile; fileRef = 28D7ACF70DDB3853001CB0EB /* HeavenlyMuffinsViewController.mm */; };
		D5D4D5E312DEC2C50043558F /* AudioToolbox.framework in Frameworks */ = {isa = PBXBuildFile; fileRef = D5D4D5E212DEC2C50043558F /* AudioToolbox.framework */; };
		D5D4D5E512DEC2C50043558F /* CoreLocation.framework in Frameworks */ = {isa = PBXBuildFile; fileRef = D5D4D5E412DEC2C50043558F /* CoreLocation.framework */; };
		D5D4D62712DEC4990043558F /* mo_accel.mm in Sources */ = {isa = PBXBuildFile; fileRef = D5D4D5ED12DEC4980043558F /* mo_accel.mm */; };
		D5D4D62812DEC4990043558F /* mo_audio.mm in Sources */ = {isa = PBXBuildFile; fileRef = D5D4D5EF12DEC4980043558F /* mo_audio.mm */; };
		D5D4D62912DEC4990043558F /* mo_colormap.mm in Sources */ = {isa = PBXBuildFile; fileRef = D5D4D5F112DEC4980043558F /* mo_colormap.mm */; };
		D5D4D62A12DEC4990043558F /* mo_compass.mm in Sources */ = {isa = PBXBuildFile; fileRef = D5D4D5F312DEC4980043558F /* mo_compass.mm */; };
		D5D4D62B12DEC4990043558F /* mo_fft.mm in Sources */ = {isa = PBXBuildFile; fileRef = D5D4D5F612DEC4980043558F /* mo_fft.mm */; };
		D5D4D62C12DEC4990043558F /* mo_filter.mm in Sources */ = {isa = PBXBuildFile; fileRef = D5D4D5F812DEC4980043558F /* mo_filter.mm */; };
		D5D4D62D12DEC4990043558F /* mo_fun.mm in Sources */ = {isa = PBXBuildFile; fileRef = D5D4D5FA12DEC4980043558F /* mo_fun.mm */; };
		D5D4D62E12DEC4990043558F /* mo_gfx.mm in Sources */ = {isa = PBXBuildFile; fileRef = D5D4D5FC12DEC4980043558F /* mo_gfx.mm */; };
		D5D4D62F12DEC4990043558F /* mo_io.mm in Sources */ = {isa = PBXBuildFile; fileRef = D5D4D5FE12DEC4980043558F /* mo_io.mm */; };
		D5D4D63012DEC4990043558F /* mo_location.mm in Sources */ = {isa = PBXBuildFile; fileRef = D5D4D60012DEC4980043558F /* mo_location.mm */; };
		D5D4D63112DEC4990043558F /* mo_net.mm in Sources */ = {isa = PBXBuildFile; fileRef = D5D4D60212DEC4980043558F /* mo_net.mm */; };
		D5D4D63212DEC4990043558F /* mo_thread.mm in Sources */ = {isa = PBXBuildFile; fileRef = D5D4D60412DEC4980043558F /* mo_thread.mm */; };
		D5D4D63312DEC4990043558F /* mo_touch.mm in Sources */ = {isa = PBXBuildFile; fileRef = D5D4D60612DEC4980043558F /* mo_touch.mm */; };
		D5D4D63412DEC4990043558F /* IpEndpointName.cpp in Sources */ = {isa = PBXBuildFile; fileRef = D5D4D60A12DEC4980043558F /* IpEndpointName.cpp */; };
		D5D4D63512DEC4990043558F /* NetworkingUtils.cpp in Sources */ = {isa = PBXBuildFile; fileRef = D5D4D60F12DEC4980043558F /* NetworkingUtils.cpp */; };
		D5D4D63612DEC4990043558F /* UdpSocket.cpp in Sources */ = {isa = PBXBuildFile; fileRef = D5D4D61012DEC4980043558F /* UdpSocket.cpp */; };
		D5D4D63712DEC4990043558F /* OscOutboundPacketStream.cpp in Sources */ = {isa = PBXBuildFile; fileRef = D5D4D61712DEC4980043558F /* OscOutboundPacketStream.cpp */; };
		D5D4D63812DEC4990043558F /* OscPrintReceivedElements.cpp in Sources */ = {isa = PBXBuildFile; fileRef = D5D4D61A12DEC4980043558F /* OscPrintReceivedElements.cpp */; };
		D5D4D63912DEC4990043558F /* OscReceivedElements.cpp in Sources */ = {isa = PBXBuildFile; fileRef = D5D4D61C12DEC4990043558F /* OscReceivedElements.cpp */; };
		D5D4D63A12DEC4990043558F /* OscTypes.cpp in Sources */ = {isa = PBXBuildFile; fileRef = D5D4D61E12DEC4990043558F /* OscTypes.cpp */; };
		D5D4D63B12DEC4990043558F /* AUTHORS in Resources */ = {isa = PBXBuildFile; fileRef = D5D4D62012DEC4990043558F /* AUTHORS */; };
		D5D4D63C12DEC4990043558F /* COPYING in Resources */ = {isa = PBXBuildFile; fileRef = D5D4D62112DEC4990043558F /* COPYING */; };
		D5D4D63D12DEC4990043558F /* DEVELOPER in Resources */ = {isa = PBXBuildFile; fileRef = D5D4D62212DEC4990043558F /* DEVELOPER */; };
		D5D4D63E12DEC4990043558F /* README in Resources */ = {isa = PBXBuildFile; fileRef = D5D4D62312DEC4990043558F /* README */; };
		D5D4D63F12DEC4990043558F /* THANKS in Resources */ = {isa = PBXBuildFile; fileRef = D5D4D62412DEC4990043558F /* THANKS */; };
		D5D4D64012DEC4990043558F /* TODO in Resources */ = {isa = PBXBuildFile; fileRef = D5D4D62512DEC4990043558F /* TODO */; };
		D5D4D64112DEC4990043558F /* VERSIONS in Resources */ = {isa = PBXBuildFile; fileRef = D5D4D62612DEC4990043558F /* VERSIONS */; };
		D5D5D24D12DED9440036B556 /* DelayLine.m in Sources */ = {isa = PBXBuildFile; fileRef = D5D5D24C12DED9440036B556 /* DelayLine.m */; };
/* End PBXBuildFile section */

/* Begin PBXFileReference section */
		1D30AB110D05D00D00671497 /* Foundation.framework */ = {isa = PBXFileReference; lastKnownFileType = wrapper.framework; name = Foundation.framework; path = System/Library/Frameworks/Foundation.framework; sourceTree = SDKROOT; };
		1D3623240D0F684500981E51 /* HeavenlyMuffinsAppDelegate.h */ = {isa = PBXFileReference; fileEncoding = 4; lastKnownFileType = sourcecode.c.h; path = HeavenlyMuffinsAppDelegate.h; sourceTree = "<group>"; };
		1D3623250D0F684500981E51 /* HeavenlyMuffinsAppDelegate.mm */ = {isa = PBXFileReference; fileEncoding = 4; lastKnownFileType = sourcecode.cpp.objcpp; path = HeavenlyMuffinsAppDelegate.mm; sourceTree = "<group>"; };
		1D6058910D05DD3D006BFB54 /* HeavenlyMuffins.app */ = {isa = PBXFileReference; explicitFileType = wrapper.application; includeInIndex = 0; path = HeavenlyMuffins.app; sourceTree = BUILT_PRODUCTS_DIR; };
		1DF5F4DF0D08C38300B7A737 /* UIKit.framework */ = {isa = PBXFileReference; lastKnownFileType = wrapper.framework; name = UIKit.framework; path = System/Library/Frameworks/UIKit.framework; sourceTree = SDKROOT; };
		288765A40DF7441C002DB57D /* CoreGraphics.framework */ = {isa = PBXFileReference; lastKnownFileType = wrapper.framework; name = CoreGraphics.framework; path = System/Library/Frameworks/CoreGraphics.framework; sourceTree = SDKROOT; };
		2899E5210DE3E06400AC0155 /* HeavenlyMuffinsViewController.xib */ = {isa = PBXFileReference; lastKnownFileType = file.xib; path = HeavenlyMuffinsViewController.xib; sourceTree = "<group>"; };
		28AD733E0D9D9553002E5188 /* MainWindow.xib */ = {isa = PBXFileReference; lastKnownFileType = file.xib; path = MainWindow.xib; sourceTree = "<group>"; };
		28D7ACF60DDB3853001CB0EB /* HeavenlyMuffinsViewController.h */ = {isa = PBXFileReference; fileEncoding = 4; lastKnownFileType = sourcecode.c.h; path = HeavenlyMuffinsViewController.h; sourceTree = "<group>"; };
		28D7ACF70DDB3853001CB0EB /* HeavenlyMuffinsViewController.mm */ = {isa = PBXFileReference; fileEncoding = 4; lastKnownFileType = sourcecode.cpp.objcpp; path = HeavenlyMuffinsViewController.mm; sourceTree = "<group>"; };
		29B97316FDCFA39411CA2CEA /* main.m */ = {isa = PBXFileReference; fileEncoding = 4; lastKnownFileType = sourcecode.c.objc; path = main.m; sourceTree = "<group>"; };
		32CA4F630368D1EE00C91783 /* HeavenlyMuffins_Prefix.pch */ = {isa = PBXFileReference; fileEncoding = 4; lastKnownFileType = sourcecode.c.h; path = HeavenlyMuffins_Prefix.pch; sourceTree = "<group>"; };
		8D1107310486CEB800E47090 /* HeavenlyMuffins-Info.plist */ = {isa = PBXFileReference; fileEncoding = 4; lastKnownFileType = text.plist.xml; path = "HeavenlyMuffins-Info.plist"; plistStructureDefinitionIdentifier = "com.apple.xcode.plist.structure-definition.iphone.info-plist"; sourceTree = "<group>"; };
		D5D4D5E212DEC2C50043558F /* AudioToolbox.framework */ = {isa = PBXFileReference; lastKnownFileType = wrapper.framework; name = AudioToolbox.framework; path = System/Library/Frameworks/AudioToolbox.framework; sourceTree = SDKROOT; };
		D5D4D5E412DEC2C50043558F /* CoreLocation.framework */ = {isa = PBXFileReference; lastKnownFileType = wrapper.framework; name = CoreLocation.framework; path = System/Library/Frameworks/CoreLocation.framework; sourceTree = SDKROOT; };
		D5D4D5EC12DEC4980043558F /* mo_accel.h */ = {isa = PBXFileReference; fileEncoding = 4; lastKnownFileType = sourcecode.c.h; path = mo_accel.h; sourceTree = "<group>"; };
		D5D4D5ED12DEC4980043558F /* mo_accel.mm */ = {isa = PBXFileReference; fileEncoding = 4; lastKnownFileType = sourcecode.cpp.objcpp; path = mo_accel.mm; sourceTree = "<group>"; };
		D5D4D5EE12DEC4980043558F /* mo_audio.h */ = {isa = PBXFileReference; fileEncoding = 4; lastKnownFileType = sourcecode.c.h; path = mo_audio.h; sourceTree = "<group>"; };
		D5D4D5EF12DEC4980043558F /* mo_audio.mm */ = {isa = PBXFileReference; fileEncoding = 4; lastKnownFileType = sourcecode.cpp.objcpp; path = mo_audio.mm; sourceTree = "<group>"; };
		D5D4D5F012DEC4980043558F /* mo_colormap.h */ = {isa = PBXFileReference; fileEncoding = 4; lastKnownFileType = sourcecode.c.h; path = mo_colormap.h; sourceTree = "<group>"; };
		D5D4D5F112DEC4980043558F /* mo_colormap.mm */ = {isa = PBXFileReference; fileEncoding = 4; lastKnownFileType = sourcecode.cpp.objcpp; path = mo_colormap.mm; sourceTree = "<group>"; };
		D5D4D5F212DEC4980043558F /* mo_compass.h */ = {isa = PBXFileReference; fileEncoding = 4; lastKnownFileType = sourcecode.c.h; path = mo_compass.h; sourceTree = "<group>"; };
		D5D4D5F312DEC4980043558F /* mo_compass.mm */ = {isa = PBXFileReference; fileEncoding = 4; lastKnownFileType = sourcecode.cpp.objcpp; path = mo_compass.mm; sourceTree = "<group>"; };
		D5D4D5F412DEC4980043558F /* mo_def.h */ = {isa = PBXFileReference; fileEncoding = 4; lastKnownFileType = sourcecode.c.h; path = mo_def.h; sourceTree = "<group>"; };
		D5D4D5F512DEC4980043558F /* mo_fft.h */ = {isa = PBXFileReference; fileEncoding = 4; lastKnownFileType = sourcecode.c.h; path = mo_fft.h; sourceTree = "<group>"; };
		D5D4D5F612DEC4980043558F /* mo_fft.mm */ = {isa = PBXFileReference; fileEncoding = 4; lastKnownFileType = sourcecode.cpp.objcpp; path = mo_fft.mm; sourceTree = "<group>"; };
		D5D4D5F712DEC4980043558F /* mo_filter.h */ = {isa = PBXFileReference; fileEncoding = 4; lastKnownFileType = sourcecode.c.h; path = mo_filter.h; sourceTree = "<group>"; };
		D5D4D5F812DEC4980043558F /* mo_filter.mm */ = {isa = PBXFileReference; fileEncoding = 4; lastKnownFileType = sourcecode.cpp.objcpp; path = mo_filter.mm; sourceTree = "<group>"; };
		D5D4D5F912DEC4980043558F /* mo_fun.h */ = {isa = PBXFileReference; fileEncoding = 4; lastKnownFileType = sourcecode.c.h; path = mo_fun.h; sourceTree = "<group>"; };
		D5D4D5FA12DEC4980043558F /* mo_fun.mm */ = {isa = PBXFileReference; fileEncoding = 4; lastKnownFileType = sourcecode.cpp.objcpp; path = mo_fun.mm; sourceTree = "<group>"; };
		D5D4D5FB12DEC4980043558F /* mo_gfx.h */ = {isa = PBXFileReference; fileEncoding = 4; lastKnownFileType = sourcecode.c.h; path = mo_gfx.h; sourceTree = "<group>"; };
		D5D4D5FC12DEC4980043558F /* mo_gfx.mm */ = {isa = PBXFileReference; fileEncoding = 4; lastKnownFileType = sourcecode.cpp.objcpp; path = mo_gfx.mm; sourceTree = "<group>"; };
		D5D4D5FD12DEC4980043558F /* mo_io.h */ = {isa = PBXFileReference; fileEncoding = 4; lastKnownFileType = sourcecode.c.h; path = mo_io.h; sourceTree = "<group>"; };
		D5D4D5FE12DEC4980043558F /* mo_io.mm */ = {isa = PBXFileReference; fileEncoding = 4; lastKnownFileType = sourcecode.cpp.objcpp; path = mo_io.mm; sourceTree = "<group>"; };
		D5D4D5FF12DEC4980043558F /* mo_location.h */ = {isa = PBXFileReference; fileEncoding = 4; lastKnownFileType = sourcecode.c.h; path = mo_location.h; sourceTree = "<group>"; };
		D5D4D60012DEC4980043558F /* mo_location.mm */ = {isa = PBXFileReference; fileEncoding = 4; lastKnownFileType = sourcecode.cpp.objcpp; path = mo_location.mm; sourceTree = "<group>"; };
		D5D4D60112DEC4980043558F /* mo_net.h */ = {isa = PBXFileReference; fileEncoding = 4; lastKnownFileType = sourcecode.c.h; path = mo_net.h; sourceTree = "<group>"; };
		D5D4D60212DEC4980043558F /* mo_net.mm */ = {isa = PBXFileReference; fileEncoding = 4; lastKnownFileType = sourcecode.cpp.objcpp; path = mo_net.mm; sourceTree = "<group>"; };
		D5D4D60312DEC4980043558F /* mo_thread.h */ = {isa = PBXFileReference; fileEncoding = 4; lastKnownFileType = sourcecode.c.h; path = mo_thread.h; sourceTree = "<group>"; };
		D5D4D60412DEC4980043558F /* mo_thread.mm */ = {isa = PBXFileReference; fileEncoding = 4; lastKnownFileType = sourcecode.cpp.objcpp; path = mo_thread.mm; sourceTree = "<group>"; };
		D5D4D60512DEC4980043558F /* mo_touch.h */ = {isa = PBXFileReference; fileEncoding = 4; lastKnownFileType = sourcecode.c.h; path = mo_touch.h; sourceTree = "<group>"; };
		D5D4D60612DEC4980043558F /* mo_touch.mm */ = {isa = PBXFileReference; fileEncoding = 4; lastKnownFileType = sourcecode.cpp.objcpp; path = mo_touch.mm; sourceTree = "<group>"; };
		D5D4D60712DEC4980043558F /* momu.h */ = {isa = PBXFileReference; fileEncoding = 4; lastKnownFileType = sourcecode.c.h; path = momu.h; sourceTree = "<group>"; };
		D5D4D60A12DEC4980043558F /* IpEndpointName.cpp */ = {isa = PBXFileReference; fileEncoding = 4; lastKnownFileType = sourcecode.cpp.cpp; path = IpEndpointName.cpp; sourceTree = "<group>"; };
		D5D4D60B12DEC4980043558F /* IpEndpointName.h */ = {isa = PBXFileReference; fileEncoding = 4; lastKnownFileType = sourcecode.c.h; path = IpEndpointName.h; sourceTree = "<group>"; };
		D5D4D60C12DEC4980043558F /* NetworkingUtils.h */ = {isa = PBXFileReference; fileEncoding = 4; lastKnownFileType = sourcecode.c.h; path = NetworkingUtils.h; sourceTree = "<group>"; };
		D5D4D60D12DEC4980043558F /* PacketListener.h */ = {isa = PBXFileReference; fileEncoding = 4; lastKnownFileType = sourcecode.c.h; path = PacketListener.h; sourceTree = "<group>"; };
		D5D4D60F12DEC4980043558F /* NetworkingUtils.cpp */ = {isa = PBXFileReference; fileEncoding = 4; lastKnownFileType = sourcecode.cpp.cpp; path = NetworkingUtils.cpp; sourceTree = "<group>"; };
		D5D4D61012DEC4980043558F /* UdpSocket.cpp */ = {isa = PBXFileReference; fileEncoding = 4; lastKnownFileType = sourcecode.cpp.cpp; path = UdpSocket.cpp; sourceTree = "<group>"; };
		D5D4D61112DEC4980043558F /* TimerListener.h */ = {isa = PBXFileReference; fileEncoding = 4; lastKnownFileType = sourcecode.c.h; path = TimerListener.h; sourceTree = "<group>"; };
		D5D4D61212DEC4980043558F /* UdpSocket.h */ = {isa = PBXFileReference; fileEncoding = 4; lastKnownFileType = sourcecode.c.h; path = UdpSocket.h; sourceTree = "<group>"; };
		D5D4D61412DEC4980043558F /* MessageMappingOscPacketListener.h */ = {isa = PBXFileReference; fileEncoding = 4; lastKnownFileType = sourcecode.c.h; path = MessageMappingOscPacketListener.h; sourceTree = "<group>"; };
		D5D4D61512DEC4980043558F /* OscException.h */ = {isa = PBXFileReference; fileEncoding = 4; lastKnownFileType = sourcecode.c.h; path = OscException.h; sourceTree = "<group>"; };
		D5D4D61612DEC4980043558F /* OscHostEndianness.h */ = {isa = PBXFileReference; fileEncoding = 4; lastKnownFileType = sourcecode.c.h; path = OscHostEndianness.h; sourceTree = "<group>"; };
		D5D4D61712DEC4980043558F /* OscOutboundPacketStream.cpp */ = {isa = PBXFileReference; fileEncoding = 4; lastKnownFileType = sourcecode.cpp.cpp; path = OscOutboundPacketStream.cpp; sourceTree = "<group>"; };
		D5D4D61812DEC4980043558F /* OscOutboundPacketStream.h */ = {isa = PBXFileReference; fileEncoding = 4; lastKnownFileType = sourcecode.c.h; path = OscOutboundPacketStream.h; sourceTree = "<group>"; };
		D5D4D61912DEC4980043558F /* OscPacketListener.h */ = {isa = PBXFileReference; fileEncoding = 4; lastKnownFileType = sourcecode.c.h; path = OscPacketListener.h; sourceTree = "<group>"; };
		D5D4D61A12DEC4980043558F /* OscPrintReceivedElements.cpp */ = {isa = PBXFileReference; fileEncoding = 4; lastKnownFileType = sourcecode.cpp.cpp; path = OscPrintReceivedElements.cpp; sourceTree = "<group>"; };
		D5D4D61B12DEC4990043558F /* OscPrintReceivedElements.h */ = {isa = PBXFileReference; fileEncoding = 4; lastKnownFileType = sourcecode.c.h; path = OscPrintReceivedElements.h; sourceTree = "<group>"; };
		D5D4D61C12DEC4990043558F /* OscReceivedElements.cpp */ = {isa = PBXFileReference; fileEncoding = 4; lastKnownFileType = sourcecode.cpp.cpp; path = OscReceivedElements.cpp; sourceTree = "<group>"; };
		D5D4D61D12DEC4990043558F /* OscReceivedElements.h */ = {isa = PBXFileReference; fileEncoding = 4; lastKnownFileType = sourcecode.c.h; path = OscReceivedElements.h; sourceTree = "<group>"; };
		D5D4D61E12DEC4990043558F /* OscTypes.cpp */ = {isa = PBXFileReference; fileEncoding = 4; lastKnownFileType = sourcecode.cpp.cpp; path = OscTypes.cpp; sourceTree = "<group>"; };
		D5D4D61F12DEC4990043558F /* OscTypes.h */ = {isa = PBXFileReference; fileEncoding = 4; lastKnownFileType = sourcecode.c.h; path = OscTypes.h; sourceTree = "<group>"; };
		D5D4D62012DEC4990043558F /* AUTHORS */ = {isa = PBXFileReference; fileEncoding = 4; lastKnownFileType = text; path = AUTHORS; sourceTree = "<group>"; };
		D5D4D62112DEC4990043558F /* COPYING */ = {isa = PBXFileReference; fileEncoding = 4; lastKnownFileType = text; path = COPYING; sourceTree = "<group>"; };
		D5D4D62212DEC4990043558F /* DEVELOPER */ = {isa = PBXFileReference; fileEncoding = 4; lastKnownFileType = text; path = DEVELOPER; sourceTree = "<group>"; };
		D5D4D62312DEC4990043558F /* README */ = {isa = PBXFileReference; fileEncoding = 4; lastKnownFileType = text; path = README; sourceTree = "<group>"; };
		D5D4D62412DEC4990043558F /* THANKS */ = {isa = PBXFileReference; fileEncoding = 4; lastKnownFileType = text; path = THANKS; sourceTree = "<group>"; };
		D5D4D62512DEC4990043558F /* TODO */ = {isa = PBXFileReference; fileEncoding = 4; lastKnownFileType = text; path = TODO; sourceTree = "<group>"; };
		D5D4D62612DEC4990043558F /* VERSIONS */ = {isa = PBXFileReference; fileEncoding = 4; lastKnownFileType = text; path = VERSIONS; sourceTree = "<group>"; };
		D5D5D24B12DED9440036B556 /* DelayLine.h */ = {isa = PBXFileReference; fileEncoding = 4; lastKnownFileType = sourcecode.c.h; path = DelayLine.h; sourceTree = "<group>"; };
		D5D5D24C12DED9440036B556 /* DelayLine.m */ = {isa = PBXFileReference; fileEncoding = 4; lastKnownFileType = sourcecode.c.objc; path = DelayLine.m; sourceTree = "<group>"; };
/* End PBXFileReference section */

/* Begin PBXFrameworksBuildPhase section */
		1D60588F0D05DD3D006BFB54 /* Frameworks */ = {
			isa = PBXFrameworksBuildPhase;
			buildActionMask = 2147483647;
			files = (
				1D60589F0D05DD5A006BFB54 /* Foundation.framework in Frameworks */,
				1DF5F4E00D08C38300B7A737 /* UIKit.framework in Frameworks */,
				288765A50DF7441C002DB57D /* CoreGraphics.framework in Frameworks */,
				D5D4D5E312DEC2C50043558F /* AudioToolbox.framework in Frameworks */,
				D5D4D5E512DEC2C50043558F /* CoreLocation.framework in Frameworks */,
			);
			runOnlyForDeploymentPostprocessing = 0;
		};
/* End PBXFrameworksBuildPhase section */

/* Begin PBXGroup section */
		080E96DDFE201D6D7F000001 /* Classes */ = {
			isa = PBXGroup;
			children = (
				1D3623240D0F684500981E51 /* HeavenlyMuffinsAppDelegate.h */,
				1D3623250D0F684500981E51 /* HeavenlyMuffinsAppDelegate.mm */,
				28D7ACF60DDB3853001CB0EB /* HeavenlyMuffinsViewController.h */,
				28D7ACF70DDB3853001CB0EB /* HeavenlyMuffinsViewController.mm */,
				D5D5D24B12DED9440036B556 /* DelayLine.h */,
				D5D5D24C12DED9440036B556 /* DelayLine.m */,
			);
			path = Classes;
			sourceTree = "<group>";
		};
		19C28FACFE9D520D11CA2CBB /* Products */ = {
			isa = PBXGroup;
			children = (
				1D6058910D05DD3D006BFB54 /* HeavenlyMuffins.app */,
			);
			name = Products;
			sourceTree = "<group>";
		};
		29B97314FDCFA39411CA2CEA /* CustomTemplate */ = {
			isa = PBXGroup;
			children = (
				D5D4D5EA12DEC4980043558F /* momu-1.0.0 */,
				080E96DDFE201D6D7F000001 /* Classes */,
				29B97315FDCFA39411CA2CEA /* Other Sources */,
				29B97317FDCFA39411CA2CEA /* Resources */,
				29B97323FDCFA39411CA2CEA /* Frameworks */,
				19C28FACFE9D520D11CA2CBB /* Products */,
			);
			name = CustomTemplate;
			sourceTree = "<group>";
		};
		29B97315FDCFA39411CA2CEA /* Other Sources */ = {
			isa = PBXGroup;
			children = (
				32CA4F630368D1EE00C91783 /* HeavenlyMuffins_Prefix.pch */,
				29B97316FDCFA39411CA2CEA /* main.m */,
			);
			name = "Other Sources";
			sourceTree = "<group>";
		};
		29B97317FDCFA39411CA2CEA /* Resources */ = {
			isa = PBXGroup;
			children = (
				2899E5210DE3E06400AC0155 /* HeavenlyMuffinsViewController.xib */,
				28AD733E0D9D9553002E5188 /* MainWindow.xib */,
				8D1107310486CEB800E47090 /* HeavenlyMuffins-Info.plist */,
			);
			name = Resources;
			sourceTree = "<group>";
		};
		29B97323FDCFA39411CA2CEA /* Frameworks */ = {
			isa = PBXGroup;
			children = (
				1DF5F4DF0D08C38300B7A737 /* UIKit.framework */,
				1D30AB110D05D00D00671497 /* Foundation.framework */,
				288765A40DF7441C002DB57D /* CoreGraphics.framework */,
				D5D4D5E212DEC2C50043558F /* AudioToolbox.framework */,
				D5D4D5E412DEC2C50043558F /* CoreLocation.framework */,
			);
			name = Frameworks;
			sourceTree = "<group>";
		};
		D5D4D5EA12DEC4980043558F /* momu-1.0.0 */ = {
			isa = PBXGroup;
			children = (
				D5D4D5EB12DEC4980043558F /* api */,
				D5D4D62012DEC4990043558F /* AUTHORS */,
				D5D4D62112DEC4990043558F /* COPYING */,
				D5D4D62212DEC4990043558F /* DEVELOPER */,
				D5D4D62312DEC4990043558F /* README */,
				D5D4D62412DEC4990043558F /* THANKS */,
				D5D4D62512DEC4990043558F /* TODO */,
				D5D4D62612DEC4990043558F /* VERSIONS */,
			);
			path = "momu-1.0.0";
			sourceTree = "<group>";
		};
		D5D4D5EB12DEC4980043558F /* api */ = {
			isa = PBXGroup;
			children = (
				D5D4D5EC12DEC4980043558F /* mo_accel.h */,
				D5D4D5ED12DEC4980043558F /* mo_accel.mm */,
				D5D4D5EE12DEC4980043558F /* mo_audio.h */,
				D5D4D5EF12DEC4980043558F /* mo_audio.mm */,
				D5D4D5F012DEC4980043558F /* mo_colormap.h */,
				D5D4D5F112DEC4980043558F /* mo_colormap.mm */,
				D5D4D5F212DEC4980043558F /* mo_compass.h */,
				D5D4D5F312DEC4980043558F /* mo_compass.mm */,
				D5D4D5F412DEC4980043558F /* mo_def.h */,
				D5D4D5F512DEC4980043558F /* mo_fft.h */,
				D5D4D5F612DEC4980043558F /* mo_fft.mm */,
				D5D4D5F712DEC4980043558F /* mo_filter.h */,
				D5D4D5F812DEC4980043558F /* mo_filter.mm */,
				D5D4D5F912DEC4980043558F /* mo_fun.h */,
				D5D4D5FA12DEC4980043558F /* mo_fun.mm */,
				D5D4D5FB12DEC4980043558F /* mo_gfx.h */,
				D5D4D5FC12DEC4980043558F /* mo_gfx.mm */,
				D5D4D5FD12DEC4980043558F /* mo_io.h */,
				D5D4D5FE12DEC4980043558F /* mo_io.mm */,
				D5D4D5FF12DEC4980043558F /* mo_location.h */,
				D5D4D60012DEC4980043558F /* mo_location.mm */,
				D5D4D60112DEC4980043558F /* mo_net.h */,
				D5D4D60212DEC4980043558F /* mo_net.mm */,
				D5D4D60312DEC4980043558F /* mo_thread.h */,
				D5D4D60412DEC4980043558F /* mo_thread.mm */,
				D5D4D60512DEC4980043558F /* mo_touch.h */,
				D5D4D60612DEC4980043558F /* mo_touch.mm */,
				D5D4D60712DEC4980043558F /* momu.h */,
				D5D4D60812DEC4980043558F /* oscpack */,
			);
			path = api;
			sourceTree = "<group>";
		};
		D5D4D60812DEC4980043558F /* oscpack */ = {
			isa = PBXGroup;
			children = (
				D5D4D60912DEC4980043558F /* ip */,
				D5D4D61312DEC4980043558F /* osc */,
			);
			path = oscpack;
			sourceTree = "<group>";
		};
		D5D4D60912DEC4980043558F /* ip */ = {
			isa = PBXGroup;
			children = (
				D5D4D60A12DEC4980043558F /* IpEndpointName.cpp */,
				D5D4D60B12DEC4980043558F /* IpEndpointName.h */,
				D5D4D60C12DEC4980043558F /* NetworkingUtils.h */,
				D5D4D60D12DEC4980043558F /* PacketListener.h */,
				D5D4D60E12DEC4980043558F /* posix */,
				D5D4D61112DEC4980043558F /* TimerListener.h */,
				D5D4D61212DEC4980043558F /* UdpSocket.h */,
			);
			path = ip;
			sourceTree = "<group>";
		};
		D5D4D60E12DEC4980043558F /* posix */ = {
			isa = PBXGroup;
			children = (
				D5D4D60F12DEC4980043558F /* NetworkingUtils.cpp */,
				D5D4D61012DEC4980043558F /* UdpSocket.cpp */,
			);
			path = posix;
			sourceTree = "<group>";
		};
		D5D4D61312DEC4980043558F /* osc */ = {
			isa = PBXGroup;
			children = (
				D5D4D61412DEC4980043558F /* MessageMappingOscPacketListener.h */,
				D5D4D61512DEC4980043558F /* OscException.h */,
				D5D4D61612DEC4980043558F /* OscHostEndianness.h */,
				D5D4D61712DEC4980043558F /* OscOutboundPacketStream.cpp */,
				D5D4D61812DEC4980043558F /* OscOutboundPacketStream.h */,
				D5D4D61912DEC4980043558F /* OscPacketListener.h */,
				D5D4D61A12DEC4980043558F /* OscPrintReceivedElements.cpp */,
				D5D4D61B12DEC4990043558F /* OscPrintReceivedElements.h */,
				D5D4D61C12DEC4990043558F /* OscReceivedElements.cpp */,
				D5D4D61D12DEC4990043558F /* OscReceivedElements.h */,
				D5D4D61E12DEC4990043558F /* OscTypes.cpp */,
				D5D4D61F12DEC4990043558F /* OscTypes.h */,
			);
			path = osc;
			sourceTree = "<group>";
		};
/* End PBXGroup section */

/* Begin PBXNativeTarget section */
		1D6058900D05DD3D006BFB54 /* HeavenlyMuffins */ = {
			isa = PBXNativeTarget;
			buildConfigurationList = 1D6058960D05DD3E006BFB54 /* Build configuration list for PBXNativeTarget "HeavenlyMuffins" */;
			buildPhases = (
				1D60588D0D05DD3D006BFB54 /* Resources */,
				1D60588E0D05DD3D006BFB54 /* Sources */,
				1D60588F0D05DD3D006BFB54 /* Frameworks */,
			);
			buildRules = (
			);
			dependencies = (
			);
			name = HeavenlyMuffins;
			productName = HeavenlyMuffins;
			productReference = 1D6058910D05DD3D006BFB54 /* HeavenlyMuffins.app */;
			productType = "com.apple.product-type.application";
		};
/* End PBXNativeTarget section */

/* Begin PBXProject section */
		29B97313FDCFA39411CA2CEA /* Project object */ = {
			isa = PBXProject;
			buildConfigurationList = C01FCF4E08A954540054247B /* Build configuration list for PBXProject "HeavenlyMuffins" */;
			compatibilityVersion = "Xcode 3.1";
			developmentRegion = English;
			hasScannedForEncodings = 1;
			knownRegions = (
				English,
				Japanese,
				French,
				German,
			);
			mainGroup = 29B97314FDCFA39411CA2CEA /* CustomTemplate */;
			projectDirPath = "";
			projectRoot = "";
			targets = (
				1D6058900D05DD3D006BFB54 /* HeavenlyMuffins */,
			);
		};
/* End PBXProject section */

/* Begin PBXResourcesBuildPhase section */
		1D60588D0D05DD3D006BFB54 /* Resources */ = {
			isa = PBXResourcesBuildPhase;
			buildActionMask = 2147483647;
			files = (
				28AD733F0D9D9553002E5188 /* MainWindow.xib in Resources */,
				2899E5220DE3E06400AC0155 /* HeavenlyMuffinsViewController.xib in Resources */,
				D5D4D63B12DEC4990043558F /* AUTHORS in Resources */,
				D5D4D63C12DEC4990043558F /* COPYING in Resources */,
				D5D4D63D12DEC4990043558F /* DEVELOPER in Resources */,
				D5D4D63E12DEC4990043558F /* README in Resources */,
				D5D4D63F12DEC4990043558F /* THANKS in Resources */,
				D5D4D64012DEC4990043558F /* TODO in Resources */,
				D5D4D64112DEC4990043558F /* VERSIONS in Resources */,
			);
			runOnlyForDeploymentPostprocessing = 0;
		};
/* End PBXResourcesBuildPhase section */

/* Begin PBXSourcesBuildPhase section */
		1D60588E0D05DD3D006BFB54 /* Sources */ = {
			isa = PBXSourcesBuildPhase;
			buildActionMask = 2147483647;
			files = (
				1D60589B0D05DD56006BFB54 /* main.m in Sources */,
				1D3623260D0F684500981E51 /* HeavenlyMuffinsAppDelegate.mm in Sources */,
				28D7ACF80DDB3853001CB0EB /* HeavenlyMuffinsViewController.mm in Sources */,
				D5D4D62712DEC4990043558F /* mo_accel.mm in Sources */,
				D5D4D62812DEC4990043558F /* mo_audio.mm in Sources */,
				D5D4D62912DEC4990043558F /* mo_colormap.mm in Sources */,
				D5D4D62A12DEC4990043558F /* mo_compass.mm in Sources */,
				D5D4D62B12DEC4990043558F /* mo_fft.mm in Sources */,
				D5D4D62C12DEC4990043558F /* mo_filter.mm in Sources */,
				D5D4D62D12DEC4990043558F /* mo_fun.mm in Sources */,
				D5D4D62E12DEC4990043558F /* mo_gfx.mm in Sources */,
				D5D4D62F12DEC4990043558F /* mo_io.mm in Sources */,
				D5D4D63012DEC4990043558F /* mo_location.mm in Sources */,
				D5D4D63112DEC4990043558F /* mo_net.mm in Sources */,
				D5D4D63212DEC4990043558F /* mo_thread.mm in Sources */,
				D5D4D63312DEC4990043558F /* mo_touch.mm in Sources */,
				D5D4D63412DEC4990043558F /* IpEndpointName.cpp in Sources */,
				D5D4D63512DEC4990043558F /* NetworkingUtils.cpp in Sources */,
				D5D4D63612DEC4990043558F /* UdpSocket.cpp in Sources */,
				D5D4D63712DEC4990043558F /* OscOutboundPacketStream.cpp in Sources */,
				D5D4D63812DEC4990043558F /* OscPrintReceivedElements.cpp in Sources */,
				D5D4D63912DEC4990043558F /* OscReceivedElements.cpp in Sources */,
				D5D4D63A12DEC4990043558F /* OscTypes.cpp in Sources */,
				D5D5D24D12DED9440036B556 /* DelayLine.m in Sources */,
			);
			runOnlyForDeploymentPostprocessing = 0;
		};
/* End PBXSourcesBuildPhase section */

/* Begin XCBuildConfiguration section */
		1D6058940D05DD3E006BFB54 /* Debug */ = {
			isa = XCBuildConfiguration;
			buildSettings = {
				ALWAYS_SEARCH_USER_PATHS = NO;
				COPY_PHASE_STRIP = NO;
				GCC_DYNAMIC_NO_PIC = NO;
				GCC_OPTIMIZATION_LEVEL = 0;
				GCC_PRECOMPILE_PREFIX_HEADER = YES;
				GCC_PREFIX_HEADER = HeavenlyMuffins_Prefix.pch;
				INFOPLIST_FILE = "HeavenlyMuffins-Info.plist";
				PRODUCT_NAME = HeavenlyMuffins;
			};
			name = Debug;
		};
		1D6058950D05DD3E006BFB54 /* Release */ = {
			isa = XCBuildConfiguration;
			buildSettings = {
				ALWAYS_SEARCH_USER_PATHS = NO;
				COPY_PHASE_STRIP = YES;
				GCC_PRECOMPILE_PREFIX_HEADER = YES;
				GCC_PREFIX_HEADER = HeavenlyMuffins_Prefix.pch;
				INFOPLIST_FILE = "HeavenlyMuffins-Info.plist";
				PRODUCT_NAME = HeavenlyMuffins;
				VALIDATE_PRODUCT = YES;
			};
			name = Release;
		};
		C01FCF4F08A954540054247B /* Debug */ = {
			isa = XCBuildConfiguration;
			buildSettings = {
				ARCHS = "$(ARCHS_STANDARD_32_BIT)";
				"CODE_SIGN_IDENTITY[sdk=iphoneos*]" = "iPhone Developer: Ge Wang (AR5E675E2R)";
				GCC_C_LANGUAGE_STANDARD = c99;
				GCC_WARN_ABOUT_RETURN_TYPE = YES;
				GCC_WARN_UNUSED_VARIABLE = YES;
				PREBINDING = NO;
				"PROVISIONING_PROFILE[sdk=iphoneos*]" = "3FB330E3-12A3-48F2-8A27-408EBFC9C652";
				SDKROOT = iphoneos;
			};
			name = Debug;
		};
		C01FCF5008A954540054247B /* Release */ = {
			isa = XCBuildConfiguration;
			buildSettings = {
				ARCHS = "$(ARCHS_STANDARD_32_BIT)";
				"CODE_SIGN_IDENTITY[sdk=iphoneos*]" = "iPhone Developer";
				GCC_C_LANGUAGE_STANDARD = c99;
				GCC_WARN_ABOUT_RETURN_TYPE = YES;
				GCC_WARN_UNUSED_VARIABLE = YES;
				OTHER_CFLAGS = "-DNS_BLOCK_ASSERTIONS=1";
				PREBINDING = NO;
				SDKROOT = iphoneos;
			};
			name = Release;
		};
/* End XCBuildConfiguration section */

/* Begin XCConfigurationList section */
		1D6058960D05DD3E006BFB54 /* Build configuration list for PBXNativeTarget "HeavenlyMuffins" */ = {
			isa = XCConfigurationList;
			buildConfigurations = (
				1D6058940D05DD3E006BFB54 /* Debug */,
				1D6058950D05DD3E006BFB54 /* Release */,
			);
			defaultConfigurationIsVisible = 0;
			defaultConfigurationName = Release;
		};
		C01FCF4E08A954540054247B /* Build configuration list for PBXProject "HeavenlyMuffins" */ = {
			isa = XCConfigurationList;
			buildConfigurations = (
				C01FCF4F08A954540054247B /* Debug */,
				C01FCF5008A954540054247B /* Release */,
			);
			defaultConfigurationIsVisible = 0;
			defaultConfigurationName = Release;
		};
/* End XCConfigurationList section */
	};
	rootObject = 29B97313FDCFA39411CA2CEA /* Project object */;
}
